
Microsoft Visual Studio Solution File, Format Version 12.00
# Visual Studio Version 17
VisualStudioVersion = 17.10.35004.147
MinimumVisualStudioVersion = 10.0.40219.1
Project("{9A19103F-16F7-4668-BE54-9A1E7A4F7556}") = "PrgBuild", "PrgBuild.csproj", "{83010F70-90D2-4581-89F0-A76A42524651}"
EndProject
Project("{9A19103F-16F7-4668-BE54-9A1E7A4F7556}") = "PrgFrame", "..\PrgFrame\PrgFrame.csproj", "{534D95FB-519D-4C7C-91EA-45ED1778F8C3}"
EndProject
Global
	GlobalSection(SolutionConfigurationPlatforms) = preSolution
		Debug|Any CPU = Debug|Any CPU
		Release|Any CPU = Release|Any CPU
	EndGlobalSection
	GlobalSection(ProjectConfigurationPlatforms) = postSolution
		{83010F70-90D2-4581-89F0-A76A42524651}.Debug|Any CPU.ActiveCfg = Debug|Any CPU
		{83010F70-90D2-4581-89F0-A76A42524651}.Debug|Any CPU.Build.0 = Debug|Any CPU
		{83010F70-90D2-4581-89F0-A76A42524651}.Release|Any CPU.ActiveCfg = Release|Any CPU
		{83010F70-90D2-4581-89F0-A76A42524651}.Release|Any CPU.Build.0 = Release|Any CPU
		{534D95FB-519D-4C7C-91EA-45ED1778F8C3}.Debug|Any CPU.ActiveCfg = Debug|Any CPU
		{534D95FB-519D-4C7C-91EA-45ED1778F8C3}.Debug|Any CPU.Build.0 = Debug|Any CPU
		{534D95FB-519D-4C7C-91EA-45ED1778F8C3}.Release|Any CPU.ActiveCfg = Release|Any CPU
		{534D95FB-519D-4C7C-91EA-45ED1778F8C3}.Release|Any CPU.Build.0 = Release|Any CPU
	EndGlobalSection
	GlobalSection(SolutionProperties) = preSolution
		HideSolutionNode = FALSE
	EndGlobalSection
	GlobalSection(ExtensibilityGlobals) = postSolution
		SolutionGuid = {38BE44CF-B949-484B-9FCA-7908C86F1C4C}
	EndGlobalSection
EndGlobal
