
Microsoft Visual Studio Solution File, Format Version 12.00
# Visual Studio Version 17
VisualStudioVersion = 17.10.35004.147
MinimumVisualStudioVersion = 10.0.40219.1
Project("{9A19103F-16F7-4668-BE54-9A1E7A4F7556}") = "StartUnityBuild", "StartUnityBuild\StartUnityBuild.csproj", "{D1650602-76C3-4EAE-951E-5B4D7F304496}"
EndProject
Project("{9A19103F-16F7-4668-BE54-9A1E7A4F7556}") = "PrgFrame", "PrgFrame\PrgFrame.csproj", "{4D5CE6DC-DC23-41A5-ACA3-C5D9AC8C9D54}"
EndProject
Global
	GlobalSection(SolutionConfigurationPlatforms) = preSolution
		Debug|Any CPU = Debug|Any CPU
		Release|Any CPU = Release|Any CPU
	EndGlobalSection
	GlobalSection(ProjectConfigurationPlatforms) = postSolution
		{D1650602-76C3-4EAE-951E-5B4D7F304496}.Debug|Any CPU.ActiveCfg = Debug|Any CPU
		{D1650602-76C3-4EAE-951E-5B4D7F304496}.Debug|Any CPU.Build.0 = Debug|Any CPU
		{D1650602-76C3-4EAE-951E-5B4D7F304496}.Release|Any CPU.ActiveCfg = Release|Any CPU
		{D1650602-76C3-4EAE-951E-5B4D7F304496}.Release|Any CPU.Build.0 = Release|Any CPU
		{4D5CE6DC-DC23-41A5-ACA3-C5D9AC8C9D54}.Debug|Any CPU.ActiveCfg = Debug|Any CPU
		{4D5CE6DC-DC23-41A5-ACA3-C5D9AC8C9D54}.Debug|Any CPU.Build.0 = Debug|Any CPU
		{4D5CE6DC-DC23-41A5-ACA3-C5D9AC8C9D54}.Release|Any CPU.ActiveCfg = Release|Any CPU
		{4D5CE6DC-DC23-41A5-ACA3-C5D9AC8C9D54}.Release|Any CPU.Build.0 = Release|Any CPU
	EndGlobalSection
	GlobalSection(SolutionProperties) = preSolution
		HideSolutionNode = FALSE
	EndGlobalSection
EndGlobal
